
Microsoft Visual Studio Solution File, Format Version 12.00
# Visual Studio 2012
Project("{FAE04EC0-301F-11D3-BF4B-00C04F79EFBC}") = "BackupAddIn", "BackupAddIn\BackupAddIn.csproj", "{9033A486-9945-42F8-9F46-6BD58B241C63}"
EndProject
Project("{FAE04EC0-301F-11D3-BF4B-00C04F79EFBC}") = "BackupExecutor", "BackupExecutor\BackupExecutor.csproj", "{05352340-2488-4BB4-812F-9E4ADC997B1A}"
EndProject
Global
	GlobalSection(SolutionConfigurationPlatforms) = preSolution
		Debug|Any CPU = Debug|Any CPU
		Release|Any CPU = Release|Any CPU
	EndGlobalSection
	GlobalSection(ProjectConfigurationPlatforms) = postSolution
		{9033A486-9945-42F8-9F46-6BD58B241C63}.Debug|Any CPU.ActiveCfg = Debug|Any CPU
		{9033A486-9945-42F8-9F46-6BD58B241C63}.Debug|Any CPU.Build.0 = Debug|Any CPU
		{9033A486-9945-42F8-9F46-6BD58B241C63}.Release|Any CPU.ActiveCfg = Release|Any CPU
		{9033A486-9945-42F8-9F46-6BD58B241C63}.Release|Any CPU.Build.0 = Release|Any CPU
		{05352340-2488-4BB4-812F-9E4ADC997B1A}.Debug|Any CPU.ActiveCfg = Debug|Any CPU
		{05352340-2488-4BB4-812F-9E4ADC997B1A}.Debug|Any CPU.Build.0 = Debug|Any CPU
		{05352340-2488-4BB4-812F-9E4ADC997B1A}.Release|Any CPU.ActiveCfg = Release|Any CPU
		{05352340-2488-4BB4-812F-9E4ADC997B1A}.Release|Any CPU.Build.0 = Release|Any CPU
	EndGlobalSection
	GlobalSection(SolutionProperties) = preSolution
		HideSolutionNode = FALSE
	EndGlobalSection
EndGlobal
