
Microsoft Visual Studio Solution File, Format Version 12.00
# Visual Studio 2013
VisualStudioVersion = 12.0.31101.0
MinimumVisualStudioVersion = 10.0.40219.1
Project("{FAE04EC0-301F-11D3-BF4B-00C04F79EFBC}") = "BackupAddIn", "BackupAddIn\BackupAddIn.csproj", "{9033A486-9945-42F8-9F46-6BD58B241C63}"
EndProject
Project("{FAE04EC0-301F-11D3-BF4B-00C04F79EFBC}") = "BackupExecutor", "BackupExecutor\BackupExecutor.csproj", "{05352340-2488-4BB4-812F-9E4ADC997B1A}"
EndProject
Project("{6141683F-8A12-4E36-9623-2EB02B2C2303}") = "Setup", "Setup\Setup.isproj", "{A5D7B0CA-F714-413C-AF23-29FFA32F042D}"
	ProjectSection(ProjectDependencies) = postProject
		{05352340-2488-4BB4-812F-9E4ADC997B1A} = {05352340-2488-4BB4-812F-9E4ADC997B1A}
		{9033A486-9945-42F8-9F46-6BD58B241C63} = {9033A486-9945-42F8-9F46-6BD58B241C63}
	EndProjectSection
EndProject
Project("{8BC9CEB8-8B4A-11D0-8D11-00A0C91BC942}") = "CustomAction", "CustomAction\CustomAction.vcxproj", "{73F5298E-A623-4331-A98F-98A12E16FA09}"
EndProject
Project("{930C7802-8A8C-48F9-8165-68863BCCD9DD}") = "WixSetup", "WixSetup\WixSetup.wixproj", "{324A040B-5FC0-4D98-A3DA-0EF0239208FF}"
EndProject
Global
	GlobalSection(SolutionConfigurationPlatforms) = preSolution
		CD_ROM|Any CPU = CD_ROM|Any CPU
		CD_ROM|Mixed Platforms = CD_ROM|Mixed Platforms
		CD_ROM|Win32 = CD_ROM|Win32
		CD_ROM|x64 = CD_ROM|x64
		CD_ROM|x86 = CD_ROM|x86
		Debug|Any CPU = Debug|Any CPU
		Debug|Mixed Platforms = Debug|Mixed Platforms
		Debug|Win32 = Debug|Win32
		Debug|x64 = Debug|x64
		Debug|x86 = Debug|x86
		DVD-5|Any CPU = DVD-5|Any CPU
		DVD-5|Mixed Platforms = DVD-5|Mixed Platforms
		DVD-5|Win32 = DVD-5|Win32
		DVD-5|x64 = DVD-5|x64
		DVD-5|x86 = DVD-5|x86
		Release|Any CPU = Release|Any CPU
		Release|Mixed Platforms = Release|Mixed Platforms
		Release|Win32 = Release|Win32
		Release|x64 = Release|x64
		Release|x86 = Release|x86
		SingleImage|Any CPU = SingleImage|Any CPU
		SingleImage|Mixed Platforms = SingleImage|Mixed Platforms
		SingleImage|Win32 = SingleImage|Win32
		SingleImage|x64 = SingleImage|x64
		SingleImage|x86 = SingleImage|x86
	EndGlobalSection
	GlobalSection(ProjectConfigurationPlatforms) = postSolution
		{9033A486-9945-42F8-9F46-6BD58B241C63}.CD_ROM|Any CPU.ActiveCfg = Release|Any CPU
		{9033A486-9945-42F8-9F46-6BD58B241C63}.CD_ROM|Any CPU.Build.0 = Release|Any CPU
		{9033A486-9945-42F8-9F46-6BD58B241C63}.CD_ROM|Mixed Platforms.ActiveCfg = Debug|x86
		{9033A486-9945-42F8-9F46-6BD58B241C63}.CD_ROM|Mixed Platforms.Build.0 = Debug|x86
		{9033A486-9945-42F8-9F46-6BD58B241C63}.CD_ROM|Win32.ActiveCfg = Debug|x86
		{9033A486-9945-42F8-9F46-6BD58B241C63}.CD_ROM|Win32.Build.0 = Debug|x86
		{9033A486-9945-42F8-9F46-6BD58B241C63}.CD_ROM|x64.ActiveCfg = Release|x64
		{9033A486-9945-42F8-9F46-6BD58B241C63}.CD_ROM|x64.Build.0 = Release|x64
		{9033A486-9945-42F8-9F46-6BD58B241C63}.CD_ROM|x86.ActiveCfg = Release|x86
		{9033A486-9945-42F8-9F46-6BD58B241C63}.CD_ROM|x86.Build.0 = Release|x86
		{9033A486-9945-42F8-9F46-6BD58B241C63}.Debug|Any CPU.ActiveCfg = Release|Any CPU
		{9033A486-9945-42F8-9F46-6BD58B241C63}.Debug|Any CPU.Build.0 = Release|Any CPU
		{9033A486-9945-42F8-9F46-6BD58B241C63}.Debug|Mixed Platforms.ActiveCfg = Debug|x86
		{9033A486-9945-42F8-9F46-6BD58B241C63}.Debug|Mixed Platforms.Build.0 = Debug|x86
		{9033A486-9945-42F8-9F46-6BD58B241C63}.Debug|Win32.ActiveCfg = Debug|x86
		{9033A486-9945-42F8-9F46-6BD58B241C63}.Debug|Win32.Build.0 = Debug|x86
		{9033A486-9945-42F8-9F46-6BD58B241C63}.Debug|x64.ActiveCfg = Debug|x64
		{9033A486-9945-42F8-9F46-6BD58B241C63}.Debug|x64.Build.0 = Debug|x64
		{9033A486-9945-42F8-9F46-6BD58B241C63}.Debug|x86.ActiveCfg = Debug|x86
		{9033A486-9945-42F8-9F46-6BD58B241C63}.Debug|x86.Build.0 = Debug|x86
		{9033A486-9945-42F8-9F46-6BD58B241C63}.DVD-5|Any CPU.ActiveCfg = Debug|Any CPU
		{9033A486-9945-42F8-9F46-6BD58B241C63}.DVD-5|Any CPU.Build.0 = Debug|Any CPU
		{9033A486-9945-42F8-9F46-6BD58B241C63}.DVD-5|Mixed Platforms.ActiveCfg = Debug|x86
		{9033A486-9945-42F8-9F46-6BD58B241C63}.DVD-5|Mixed Platforms.Build.0 = Debug|x86
		{9033A486-9945-42F8-9F46-6BD58B241C63}.DVD-5|Win32.ActiveCfg = Debug|x86
		{9033A486-9945-42F8-9F46-6BD58B241C63}.DVD-5|Win32.Build.0 = Debug|x86
		{9033A486-9945-42F8-9F46-6BD58B241C63}.DVD-5|x64.ActiveCfg = Debug|x64
		{9033A486-9945-42F8-9F46-6BD58B241C63}.DVD-5|x64.Build.0 = Debug|x64
		{9033A486-9945-42F8-9F46-6BD58B241C63}.DVD-5|x86.ActiveCfg = Debug|x86
		{9033A486-9945-42F8-9F46-6BD58B241C63}.DVD-5|x86.Build.0 = Debug|x86
		{9033A486-9945-42F8-9F46-6BD58B241C63}.Release|Any CPU.ActiveCfg = Release|Any CPU
		{9033A486-9945-42F8-9F46-6BD58B241C63}.Release|Any CPU.Build.0 = Release|Any CPU
		{9033A486-9945-42F8-9F46-6BD58B241C63}.Release|Mixed Platforms.ActiveCfg = Release|x86
		{9033A486-9945-42F8-9F46-6BD58B241C63}.Release|Mixed Platforms.Build.0 = Release|x86
		{9033A486-9945-42F8-9F46-6BD58B241C63}.Release|Win32.ActiveCfg = Release|x86
		{9033A486-9945-42F8-9F46-6BD58B241C63}.Release|Win32.Build.0 = Release|x86
		{9033A486-9945-42F8-9F46-6BD58B241C63}.Release|x64.ActiveCfg = Release|x86
		{9033A486-9945-42F8-9F46-6BD58B241C63}.Release|x64.Build.0 = Release|x86
		{9033A486-9945-42F8-9F46-6BD58B241C63}.Release|x86.ActiveCfg = Release|x86
		{9033A486-9945-42F8-9F46-6BD58B241C63}.Release|x86.Build.0 = Release|x86
		{9033A486-9945-42F8-9F46-6BD58B241C63}.SingleImage|Any CPU.ActiveCfg = Release|Any CPU
		{9033A486-9945-42F8-9F46-6BD58B241C63}.SingleImage|Any CPU.Build.0 = Release|Any CPU
		{9033A486-9945-42F8-9F46-6BD58B241C63}.SingleImage|Mixed Platforms.ActiveCfg = Debug|x86
		{9033A486-9945-42F8-9F46-6BD58B241C63}.SingleImage|Mixed Platforms.Build.0 = Debug|x86
		{9033A486-9945-42F8-9F46-6BD58B241C63}.SingleImage|Win32.ActiveCfg = Debug|x86
		{9033A486-9945-42F8-9F46-6BD58B241C63}.SingleImage|Win32.Build.0 = Debug|x86
		{9033A486-9945-42F8-9F46-6BD58B241C63}.SingleImage|x64.ActiveCfg = Release|x64
		{9033A486-9945-42F8-9F46-6BD58B241C63}.SingleImage|x64.Build.0 = Release|x64
		{9033A486-9945-42F8-9F46-6BD58B241C63}.SingleImage|x86.ActiveCfg = Release|x86
		{9033A486-9945-42F8-9F46-6BD58B241C63}.SingleImage|x86.Build.0 = Release|x86
		{05352340-2488-4BB4-812F-9E4ADC997B1A}.CD_ROM|Any CPU.ActiveCfg = Release|Any CPU
		{05352340-2488-4BB4-812F-9E4ADC997B1A}.CD_ROM|Any CPU.Build.0 = Release|Any CPU
		{05352340-2488-4BB4-812F-9E4ADC997B1A}.CD_ROM|Mixed Platforms.ActiveCfg = Debug|x86
		{05352340-2488-4BB4-812F-9E4ADC997B1A}.CD_ROM|Mixed Platforms.Build.0 = Debug|x86
		{05352340-2488-4BB4-812F-9E4ADC997B1A}.CD_ROM|Win32.ActiveCfg = Debug|x86
		{05352340-2488-4BB4-812F-9E4ADC997B1A}.CD_ROM|Win32.Build.0 = Debug|x86
		{05352340-2488-4BB4-812F-9E4ADC997B1A}.CD_ROM|x64.ActiveCfg = Release|x64
		{05352340-2488-4BB4-812F-9E4ADC997B1A}.CD_ROM|x64.Build.0 = Release|x64
		{05352340-2488-4BB4-812F-9E4ADC997B1A}.CD_ROM|x86.ActiveCfg = Release|x86
		{05352340-2488-4BB4-812F-9E4ADC997B1A}.CD_ROM|x86.Build.0 = Release|x86
		{05352340-2488-4BB4-812F-9E4ADC997B1A}.Debug|Any CPU.ActiveCfg = Release|Any CPU
		{05352340-2488-4BB4-812F-9E4ADC997B1A}.Debug|Any CPU.Build.0 = Release|Any CPU
		{05352340-2488-4BB4-812F-9E4ADC997B1A}.Debug|Mixed Platforms.ActiveCfg = Debug|x86
		{05352340-2488-4BB4-812F-9E4ADC997B1A}.Debug|Mixed Platforms.Build.0 = Debug|x86
		{05352340-2488-4BB4-812F-9E4ADC997B1A}.Debug|Win32.ActiveCfg = Debug|x86
		{05352340-2488-4BB4-812F-9E4ADC997B1A}.Debug|Win32.Build.0 = Debug|x86
		{05352340-2488-4BB4-812F-9E4ADC997B1A}.Debug|x64.ActiveCfg = Debug|x64
		{05352340-2488-4BB4-812F-9E4ADC997B1A}.Debug|x64.Build.0 = Debug|x64
		{05352340-2488-4BB4-812F-9E4ADC997B1A}.Debug|x86.ActiveCfg = Debug|x86
		{05352340-2488-4BB4-812F-9E4ADC997B1A}.Debug|x86.Build.0 = Debug|x86
		{05352340-2488-4BB4-812F-9E4ADC997B1A}.DVD-5|Any CPU.ActiveCfg = Debug|Any CPU
		{05352340-2488-4BB4-812F-9E4ADC997B1A}.DVD-5|Any CPU.Build.0 = Debug|Any CPU
		{05352340-2488-4BB4-812F-9E4ADC997B1A}.DVD-5|Mixed Platforms.ActiveCfg = Debug|x86
		{05352340-2488-4BB4-812F-9E4ADC997B1A}.DVD-5|Mixed Platforms.Build.0 = Debug|x86
		{05352340-2488-4BB4-812F-9E4ADC997B1A}.DVD-5|Win32.ActiveCfg = Debug|x86
		{05352340-2488-4BB4-812F-9E4ADC997B1A}.DVD-5|Win32.Build.0 = Debug|x86
		{05352340-2488-4BB4-812F-9E4ADC997B1A}.DVD-5|x64.ActiveCfg = Debug|Any CPU
		{05352340-2488-4BB4-812F-9E4ADC997B1A}.DVD-5|x86.ActiveCfg = Debug|x86
		{05352340-2488-4BB4-812F-9E4ADC997B1A}.DVD-5|x86.Build.0 = Debug|x86
		{05352340-2488-4BB4-812F-9E4ADC997B1A}.Release|Any CPU.ActiveCfg = Release|Any CPU
		{05352340-2488-4BB4-812F-9E4ADC997B1A}.Release|Any CPU.Build.0 = Release|Any CPU
		{05352340-2488-4BB4-812F-9E4ADC997B1A}.Release|Mixed Platforms.ActiveCfg = Release|x86
		{05352340-2488-4BB4-812F-9E4ADC997B1A}.Release|Mixed Platforms.Build.0 = Release|x86
		{05352340-2488-4BB4-812F-9E4ADC997B1A}.Release|Win32.ActiveCfg = Release|x86
		{05352340-2488-4BB4-812F-9E4ADC997B1A}.Release|Win32.Build.0 = Release|x86
		{05352340-2488-4BB4-812F-9E4ADC997B1A}.Release|x64.ActiveCfg = Release|x86
		{05352340-2488-4BB4-812F-9E4ADC997B1A}.Release|x64.Build.0 = Release|x86
		{05352340-2488-4BB4-812F-9E4ADC997B1A}.Release|x86.ActiveCfg = Release|x86
		{05352340-2488-4BB4-812F-9E4ADC997B1A}.Release|x86.Build.0 = Release|x86
		{05352340-2488-4BB4-812F-9E4ADC997B1A}.SingleImage|Any CPU.ActiveCfg = Release|Any CPU
		{05352340-2488-4BB4-812F-9E4ADC997B1A}.SingleImage|Any CPU.Build.0 = Release|Any CPU
		{05352340-2488-4BB4-812F-9E4ADC997B1A}.SingleImage|Mixed Platforms.ActiveCfg = Debug|x86
		{05352340-2488-4BB4-812F-9E4ADC997B1A}.SingleImage|Mixed Platforms.Build.0 = Debug|x86
		{05352340-2488-4BB4-812F-9E4ADC997B1A}.SingleImage|Win32.ActiveCfg = Debug|x86
		{05352340-2488-4BB4-812F-9E4ADC997B1A}.SingleImage|Win32.Build.0 = Debug|x86
		{05352340-2488-4BB4-812F-9E4ADC997B1A}.SingleImage|x64.ActiveCfg = Release|x64
		{05352340-2488-4BB4-812F-9E4ADC997B1A}.SingleImage|x64.Build.0 = Release|x64
		{05352340-2488-4BB4-812F-9E4ADC997B1A}.SingleImage|x86.ActiveCfg = Release|x86
		{05352340-2488-4BB4-812F-9E4ADC997B1A}.SingleImage|x86.Build.0 = Release|x86
		{A5D7B0CA-F714-413C-AF23-29FFA32F042D}.CD_ROM|Any CPU.ActiveCfg = CD_ROM
		{A5D7B0CA-F714-413C-AF23-29FFA32F042D}.CD_ROM|Any CPU.Build.0 = CD_ROM
		{A5D7B0CA-F714-413C-AF23-29FFA32F042D}.CD_ROM|Mixed Platforms.ActiveCfg = CD_ROM
		{A5D7B0CA-F714-413C-AF23-29FFA32F042D}.CD_ROM|Mixed Platforms.Build.0 = CD_ROM
		{A5D7B0CA-F714-413C-AF23-29FFA32F042D}.CD_ROM|Win32.ActiveCfg = CD_ROM
		{A5D7B0CA-F714-413C-AF23-29FFA32F042D}.CD_ROM|Win32.Build.0 = CD_ROM
		{A5D7B0CA-F714-413C-AF23-29FFA32F042D}.CD_ROM|x64.ActiveCfg = CD_ROM
		{A5D7B0CA-F714-413C-AF23-29FFA32F042D}.CD_ROM|x64.Build.0 = CD_ROM
		{A5D7B0CA-F714-413C-AF23-29FFA32F042D}.CD_ROM|x86.ActiveCfg = CD_ROM
		{A5D7B0CA-F714-413C-AF23-29FFA32F042D}.CD_ROM|x86.Build.0 = CD_ROM
		{A5D7B0CA-F714-413C-AF23-29FFA32F042D}.Debug|Any CPU.ActiveCfg = SingleImage
		{A5D7B0CA-F714-413C-AF23-29FFA32F042D}.Debug|Any CPU.Build.0 = SingleImage
		{A5D7B0CA-F714-413C-AF23-29FFA32F042D}.Debug|Mixed Platforms.ActiveCfg = DVD-5
		{A5D7B0CA-F714-413C-AF23-29FFA32F042D}.Debug|Mixed Platforms.Build.0 = DVD-5
		{A5D7B0CA-F714-413C-AF23-29FFA32F042D}.Debug|Win32.ActiveCfg = DVD-5
		{A5D7B0CA-F714-413C-AF23-29FFA32F042D}.Debug|Win32.Build.0 = DVD-5
		{A5D7B0CA-F714-413C-AF23-29FFA32F042D}.Debug|x64.ActiveCfg = SingleImage
		{A5D7B0CA-F714-413C-AF23-29FFA32F042D}.Debug|x64.Build.0 = SingleImage
		{A5D7B0CA-F714-413C-AF23-29FFA32F042D}.Debug|x86.ActiveCfg = SingleImage
		{A5D7B0CA-F714-413C-AF23-29FFA32F042D}.Debug|x86.Build.0 = SingleImage
		{A5D7B0CA-F714-413C-AF23-29FFA32F042D}.DVD-5|Any CPU.ActiveCfg = DVD-5
		{A5D7B0CA-F714-413C-AF23-29FFA32F042D}.DVD-5|Any CPU.Build.0 = DVD-5
		{A5D7B0CA-F714-413C-AF23-29FFA32F042D}.DVD-5|Mixed Platforms.ActiveCfg = DVD-5
		{A5D7B0CA-F714-413C-AF23-29FFA32F042D}.DVD-5|Mixed Platforms.Build.0 = DVD-5
		{A5D7B0CA-F714-413C-AF23-29FFA32F042D}.DVD-5|Win32.ActiveCfg = DVD-5
		{A5D7B0CA-F714-413C-AF23-29FFA32F042D}.DVD-5|Win32.Build.0 = DVD-5
		{A5D7B0CA-F714-413C-AF23-29FFA32F042D}.DVD-5|x64.ActiveCfg = DVD-5
		{A5D7B0CA-F714-413C-AF23-29FFA32F042D}.DVD-5|x64.Build.0 = DVD-5
		{A5D7B0CA-F714-413C-AF23-29FFA32F042D}.DVD-5|x86.ActiveCfg = DVD-5
		{A5D7B0CA-F714-413C-AF23-29FFA32F042D}.DVD-5|x86.Build.0 = DVD-5
		{A5D7B0CA-F714-413C-AF23-29FFA32F042D}.Release|Any CPU.ActiveCfg = SingleImage
		{A5D7B0CA-F714-413C-AF23-29FFA32F042D}.Release|Any CPU.Build.0 = SingleImage
		{A5D7B0CA-F714-413C-AF23-29FFA32F042D}.Release|Mixed Platforms.ActiveCfg = DVD-5
		{A5D7B0CA-F714-413C-AF23-29FFA32F042D}.Release|Mixed Platforms.Build.0 = DVD-5
		{A5D7B0CA-F714-413C-AF23-29FFA32F042D}.Release|Win32.ActiveCfg = DVD-5
		{A5D7B0CA-F714-413C-AF23-29FFA32F042D}.Release|Win32.Build.0 = DVD-5
		{A5D7B0CA-F714-413C-AF23-29FFA32F042D}.Release|x64.ActiveCfg = SingleImage
		{A5D7B0CA-F714-413C-AF23-29FFA32F042D}.Release|x64.Build.0 = SingleImage
		{A5D7B0CA-F714-413C-AF23-29FFA32F042D}.Release|x86.ActiveCfg = SingleImage
		{A5D7B0CA-F714-413C-AF23-29FFA32F042D}.Release|x86.Build.0 = SingleImage
		{A5D7B0CA-F714-413C-AF23-29FFA32F042D}.SingleImage|Any CPU.ActiveCfg = SingleImage
		{A5D7B0CA-F714-413C-AF23-29FFA32F042D}.SingleImage|Any CPU.Build.0 = SingleImage
		{A5D7B0CA-F714-413C-AF23-29FFA32F042D}.SingleImage|Mixed Platforms.ActiveCfg = SingleImage
		{A5D7B0CA-F714-413C-AF23-29FFA32F042D}.SingleImage|Mixed Platforms.Build.0 = SingleImage
		{A5D7B0CA-F714-413C-AF23-29FFA32F042D}.SingleImage|Win32.ActiveCfg = SingleImage
		{A5D7B0CA-F714-413C-AF23-29FFA32F042D}.SingleImage|Win32.Build.0 = SingleImage
		{A5D7B0CA-F714-413C-AF23-29FFA32F042D}.SingleImage|x64.ActiveCfg = SingleImage
		{A5D7B0CA-F714-413C-AF23-29FFA32F042D}.SingleImage|x64.Build.0 = SingleImage
		{A5D7B0CA-F714-413C-AF23-29FFA32F042D}.SingleImage|x86.ActiveCfg = SingleImage
		{A5D7B0CA-F714-413C-AF23-29FFA32F042D}.SingleImage|x86.Build.0 = SingleImage
		{73F5298E-A623-4331-A98F-98A12E16FA09}.CD_ROM|Any CPU.ActiveCfg = Release|Win32
		{73F5298E-A623-4331-A98F-98A12E16FA09}.CD_ROM|Mixed Platforms.ActiveCfg = Release|Win32
		{73F5298E-A623-4331-A98F-98A12E16FA09}.CD_ROM|Mixed Platforms.Build.0 = Release|Win32
		{73F5298E-A623-4331-A98F-98A12E16FA09}.CD_ROM|Win32.ActiveCfg = Release|Win32
		{73F5298E-A623-4331-A98F-98A12E16FA09}.CD_ROM|Win32.Build.0 = Release|Win32
		{73F5298E-A623-4331-A98F-98A12E16FA09}.CD_ROM|x64.ActiveCfg = Release|Win32
		{73F5298E-A623-4331-A98F-98A12E16FA09}.CD_ROM|x86.ActiveCfg = Release|Win32
		{73F5298E-A623-4331-A98F-98A12E16FA09}.CD_ROM|x86.Build.0 = Release|Win32
		{73F5298E-A623-4331-A98F-98A12E16FA09}.Debug|Any CPU.ActiveCfg = Debug|Win32
		{73F5298E-A623-4331-A98F-98A12E16FA09}.Debug|Mixed Platforms.ActiveCfg = Debug|Win32
		{73F5298E-A623-4331-A98F-98A12E16FA09}.Debug|Mixed Platforms.Build.0 = Debug|Win32
		{73F5298E-A623-4331-A98F-98A12E16FA09}.Debug|Win32.ActiveCfg = Debug|Win32
		{73F5298E-A623-4331-A98F-98A12E16FA09}.Debug|Win32.Build.0 = Debug|Win32
		{73F5298E-A623-4331-A98F-98A12E16FA09}.Debug|x64.ActiveCfg = Debug|Win32
		{73F5298E-A623-4331-A98F-98A12E16FA09}.Debug|x86.ActiveCfg = Debug|Win32
		{73F5298E-A623-4331-A98F-98A12E16FA09}.Debug|x86.Build.0 = Debug|Win32
		{73F5298E-A623-4331-A98F-98A12E16FA09}.DVD-5|Any CPU.ActiveCfg = Debug|Win32
		{73F5298E-A623-4331-A98F-98A12E16FA09}.DVD-5|Mixed Platforms.ActiveCfg = Debug|Win32
		{73F5298E-A623-4331-A98F-98A12E16FA09}.DVD-5|Mixed Platforms.Build.0 = Debug|Win32
		{73F5298E-A623-4331-A98F-98A12E16FA09}.DVD-5|Win32.ActiveCfg = Debug|Win32
		{73F5298E-A623-4331-A98F-98A12E16FA09}.DVD-5|Win32.Build.0 = Debug|Win32
		{73F5298E-A623-4331-A98F-98A12E16FA09}.DVD-5|x64.ActiveCfg = Debug|Win32
		{73F5298E-A623-4331-A98F-98A12E16FA09}.DVD-5|x86.ActiveCfg = Debug|Win32
		{73F5298E-A623-4331-A98F-98A12E16FA09}.DVD-5|x86.Build.0 = Debug|Win32
		{73F5298E-A623-4331-A98F-98A12E16FA09}.Release|Any CPU.ActiveCfg = Release|Win32
		{73F5298E-A623-4331-A98F-98A12E16FA09}.Release|Mixed Platforms.ActiveCfg = Release|Win32
		{73F5298E-A623-4331-A98F-98A12E16FA09}.Release|Mixed Platforms.Build.0 = Release|Win32
		{73F5298E-A623-4331-A98F-98A12E16FA09}.Release|Win32.ActiveCfg = Release|Win32
		{73F5298E-A623-4331-A98F-98A12E16FA09}.Release|Win32.Build.0 = Release|Win32
		{73F5298E-A623-4331-A98F-98A12E16FA09}.Release|x64.ActiveCfg = Release|Win32
		{73F5298E-A623-4331-A98F-98A12E16FA09}.Release|x86.ActiveCfg = Release|Win32
		{73F5298E-A623-4331-A98F-98A12E16FA09}.Release|x86.Build.0 = Release|Win32
		{73F5298E-A623-4331-A98F-98A12E16FA09}.SingleImage|Any CPU.ActiveCfg = Release|Win32
		{73F5298E-A623-4331-A98F-98A12E16FA09}.SingleImage|Mixed Platforms.ActiveCfg = Release|Win32
		{73F5298E-A623-4331-A98F-98A12E16FA09}.SingleImage|Mixed Platforms.Build.0 = Release|Win32
		{73F5298E-A623-4331-A98F-98A12E16FA09}.SingleImage|Win32.ActiveCfg = Release|Win32
		{73F5298E-A623-4331-A98F-98A12E16FA09}.SingleImage|Win32.Build.0 = Release|Win32
		{73F5298E-A623-4331-A98F-98A12E16FA09}.SingleImage|x64.ActiveCfg = Release|Win32
		{73F5298E-A623-4331-A98F-98A12E16FA09}.SingleImage|x86.ActiveCfg = Release|Win32
		{73F5298E-A623-4331-A98F-98A12E16FA09}.SingleImage|x86.Build.0 = Release|Win32
		{324A040B-5FC0-4D98-A3DA-0EF0239208FF}.CD_ROM|Any CPU.ActiveCfg = Release|x86
		{324A040B-5FC0-4D98-A3DA-0EF0239208FF}.CD_ROM|Mixed Platforms.ActiveCfg = Release|x86
		{324A040B-5FC0-4D98-A3DA-0EF0239208FF}.CD_ROM|Mixed Platforms.Build.0 = Release|x86
		{324A040B-5FC0-4D98-A3DA-0EF0239208FF}.CD_ROM|Win32.ActiveCfg = Release|x86
		{324A040B-5FC0-4D98-A3DA-0EF0239208FF}.CD_ROM|Win32.Build.0 = Release|x86
		{324A040B-5FC0-4D98-A3DA-0EF0239208FF}.CD_ROM|x64.ActiveCfg = Release|x86
		{324A040B-5FC0-4D98-A3DA-0EF0239208FF}.CD_ROM|x86.ActiveCfg = Release|x86
		{324A040B-5FC0-4D98-A3DA-0EF0239208FF}.CD_ROM|x86.Build.0 = Release|x86
		{324A040B-5FC0-4D98-A3DA-0EF0239208FF}.Debug|Any CPU.ActiveCfg = Debug|x86
		{324A040B-5FC0-4D98-A3DA-0EF0239208FF}.Debug|Mixed Platforms.ActiveCfg = Debug|x86
		{324A040B-5FC0-4D98-A3DA-0EF0239208FF}.Debug|Mixed Platforms.Build.0 = Debug|x86
		{324A040B-5FC0-4D98-A3DA-0EF0239208FF}.Debug|Win32.ActiveCfg = Debug|x86
		{324A040B-5FC0-4D98-A3DA-0EF0239208FF}.Debug|Win32.Build.0 = Debug|x86
		{324A040B-5FC0-4D98-A3DA-0EF0239208FF}.Debug|x64.ActiveCfg = Debug|x86
		{324A040B-5FC0-4D98-A3DA-0EF0239208FF}.Debug|x86.ActiveCfg = Debug|x86
		{324A040B-5FC0-4D98-A3DA-0EF0239208FF}.Debug|x86.Build.0 = Debug|x86
		{324A040B-5FC0-4D98-A3DA-0EF0239208FF}.DVD-5|Any CPU.ActiveCfg = Debug|x86
		{324A040B-5FC0-4D98-A3DA-0EF0239208FF}.DVD-5|Mixed Platforms.ActiveCfg = Debug|x86
		{324A040B-5FC0-4D98-A3DA-0EF0239208FF}.DVD-5|Mixed Platforms.Build.0 = Debug|x86
		{324A040B-5FC0-4D98-A3DA-0EF0239208FF}.DVD-5|Win32.ActiveCfg = Debug|x86
		{324A040B-5FC0-4D98-A3DA-0EF0239208FF}.DVD-5|Win32.Build.0 = Debug|x86
		{324A040B-5FC0-4D98-A3DA-0EF0239208FF}.DVD-5|x64.ActiveCfg = Debug|x86
		{324A040B-5FC0-4D98-A3DA-0EF0239208FF}.DVD-5|x86.ActiveCfg = Debug|x86
		{324A040B-5FC0-4D98-A3DA-0EF0239208FF}.DVD-5|x86.Build.0 = Debug|x86
		{324A040B-5FC0-4D98-A3DA-0EF0239208FF}.Release|Any CPU.ActiveCfg = Release|x86
		{324A040B-5FC0-4D98-A3DA-0EF0239208FF}.Release|Mixed Platforms.ActiveCfg = Release|x86
		{324A040B-5FC0-4D98-A3DA-0EF0239208FF}.Release|Mixed Platforms.Build.0 = Release|x86
		{324A040B-5FC0-4D98-A3DA-0EF0239208FF}.Release|Win32.ActiveCfg = Release|x86
		{324A040B-5FC0-4D98-A3DA-0EF0239208FF}.Release|Win32.Build.0 = Release|x86
		{324A040B-5FC0-4D98-A3DA-0EF0239208FF}.Release|x64.ActiveCfg = Release|x86
		{324A040B-5FC0-4D98-A3DA-0EF0239208FF}.Release|x86.ActiveCfg = Release|x86
		{324A040B-5FC0-4D98-A3DA-0EF0239208FF}.Release|x86.Build.0 = Release|x86
		{324A040B-5FC0-4D98-A3DA-0EF0239208FF}.SingleImage|Any CPU.ActiveCfg = Release|x86
		{324A040B-5FC0-4D98-A3DA-0EF0239208FF}.SingleImage|Mixed Platforms.ActiveCfg = Release|x86
		{324A040B-5FC0-4D98-A3DA-0EF0239208FF}.SingleImage|Mixed Platforms.Build.0 = Release|x86
		{324A040B-5FC0-4D98-A3DA-0EF0239208FF}.SingleImage|Win32.ActiveCfg = Release|x86
		{324A040B-5FC0-4D98-A3DA-0EF0239208FF}.SingleImage|Win32.Build.0 = Release|x86
		{324A040B-5FC0-4D98-A3DA-0EF0239208FF}.SingleImage|x64.ActiveCfg = Release|x86
		{324A040B-5FC0-4D98-A3DA-0EF0239208FF}.SingleImage|x86.ActiveCfg = Release|x86
		{324A040B-5FC0-4D98-A3DA-0EF0239208FF}.SingleImage|x86.Build.0 = Release|x86
	EndGlobalSection
	GlobalSection(SolutionProperties) = preSolution
		HideSolutionNode = FALSE
	EndGlobalSection
EndGlobal
